PODS:
  - Amplitude (7.2.2)
  - AppsFlyerFramework (6.0.5)
  - DMSLAnalytics (0.3.7):
    - DMSLAnalytics/Amplitude (= 0.3.7)
    - DMSLAnalytics/AppsFlyer (= 0.3.7)
    - DMSLAnalytics/Core (= 0.3.7)
    - DMSLAnalytics/Debug (= 0.3.7)
    - DMSLAnalytics/Facebook (= 0.3.7)
    - DMSLAnalytics/Firebase (= 0.3.7)
    - DMSLAnalytics/Rx (= 0.3.7)
  - DMSLAnalytics/Amplitude (0.3.7):
    - Amplitude
    - DMSLAnalytics/Core
  - DMSLAnalytics/AppsFlyer (0.3.7):
    - AppsFlyerFramework
    - DMSLAnalytics/Core
  - DMSLAnalytics/Core (0.3.7):
    - Tagged
  - DMSLAnalytics/Debug (0.3.7):
    - DMSLAnalytics/Core
  - DMSLAnalytics/Facebook (0.3.7):
    - DMSLAnalytics/Core
    - FBSDKCoreKit
  - DMSLAnalytics/Firebase (0.3.7):
    - DMSLAnalytics/Core
    - Firebase/Analytics
    - Firebase/Core
  - DMSLAnalytics/Rx (0.3.7):
    - DMSLAnalytics/Core
    - RxSwift
    - RxViewController
  - FBSDKCoreKit (8.0.0):
    - FBSDKCoreKit/Basics (= 8.0.0)
    - FBSDKCoreKit/Core (= 8.0.0)
  - FBSDKCoreKit/Basics (8.0.0)
  - FBSDKCoreKit/Core (8.0.0):
    - FBSDKCoreKit/Basics
  - Firebase/Analytics (6.34.0):
    - Firebase/Core
  - Firebase/Core (6.34.0):
    - Firebase/CoreOnly
    - FirebaseAnalytics (= 6.9.0)
  - Firebase/CoreOnly (6.34.0):
    - FirebaseCore (= 6.10.4)
  - FirebaseAnalytics (6.9.0):
    - FirebaseCore (~> 6.10)
    - FirebaseInstallations (~> 1.7)
    - GoogleAppMeasurement (= 6.9.0)
    - GoogleUtilities/AppDelegateSwizzler (~> 6.7)
    - GoogleUtilities/MethodSwizzler (~> 6.7)
    - GoogleUtilities/Network (~> 6.7)
    - "GoogleUtilities/NSData+zlib (~> 6.7)"
    - nanopb (~> 1.30906.0)
  - FirebaseCore (6.10.4):
    - FirebaseCoreDiagnostics (~> 1.6)
    - GoogleUtilities/Environment (~> 6.7)
    - GoogleUtilities/Logger (~> 6.7)
  - FirebaseCoreDiagnostics (1.7.0):
    - GoogleDataTransport (~> 7.4)
    - GoogleUtilities/Environment (~> 6.7)
    - GoogleUtilities/Logger (~> 6.7)
    - nanopb (~> 1.30906.0)
  - FirebaseInstallations (1.7.0):
    - FirebaseCore (~> 6.10)
    - GoogleUtilities/Environment (~> 6.7)
    - GoogleUtilities/UserDefaults (~> 6.7)
    - PromisesObjC (~> 1.2)
  - GoogleAppMeasurement (6.9.0):
    - GoogleUtilities/AppDelegateSwizzler (~> 6.7)
    - GoogleUtilities/MethodSwizzler (~> 6.7)
    - GoogleUtilities/Network (~> 6.7)
    - "GoogleUtilities/NSData+zlib (~> 6.7)"
    - nanopb (~> 1.30906.0)
  - GoogleDataTransport (7.5.1):
    - nanopb (~> 1.30906.0)
  - GoogleUtilities/AppDelegateSwizzler (6.7.2):
    - GoogleUtilities/Environment
    - GoogleUtilities/Logger
    - GoogleUtilities/Network
  - GoogleUtilities/Environment (6.7.2):
    - PromisesObjC (~> 1.2)
  - GoogleUtilities/Logger (6.7.2):
    - GoogleUtilities/Environment
  - GoogleUtilities/MethodSwizzler (6.7.2):
    - GoogleUtilities/Logger
  - GoogleUtilities/Network (6.7.2):
    - GoogleUtilities/Logger
    - "GoogleUtilities/NSData+zlib"
    - GoogleUtilities/Reachability
  - "GoogleUtilities/NSData+zlib (6.7.2)"
  - GoogleUtilities/Reachability (6.7.2):
    - GoogleUtilities/Logger
  - GoogleUtilities/UserDefaults (6.7.2):
    - GoogleUtilities/Logger
  - nanopb (1.30906.0):
    - nanopb/decode (= 1.30906.0)
    - nanopb/encode (= 1.30906.0)
  - nanopb/decode (1.30906.0)
  - nanopb/encode (1.30906.0)
  - PromisesObjC (1.2.11)
  - RxCocoa (5.1.1):
    - RxRelay (~> 5)
    - RxSwift (~> 5)
  - RxRelay (5.1.1):
    - RxSwift (~> 5)
  - RxSwift (5.1.1)
  - RxViewController (1.0.0):
    - RxCocoa (~> 5.0)
    - RxSwift (~> 5.0)
  - Tagged (0.5.0)

DEPENDENCIES:
  - DMSLAnalytics (from `../`)

SPEC REPOS:
  trunk:
    - Amplitude
    - AppsFlyerFramework
    - FBSDKCoreKit
    - Firebase
    - FirebaseAnalytics
    - FirebaseCore
    - FirebaseCoreDiagnostics
    - FirebaseInstallations
    - GoogleAppMeasurement
    - GoogleDataTransport
    - GoogleUtilities
    - nanopb
    - PromisesObjC
    - RxCocoa
    - RxRelay
    - RxSwift
    - RxViewController
    - Tagged

EXTERNAL SOURCES:
  DMSLAnalytics:
    :path: "../"

SPEC CHECKSUMS:
  Amplitude: 517cdc7c485bda64b685174426ecbf17746eb16a
  AppsFlyerFramework: 3ae29222e2cb7d11cd176c71c780542979eb0c08
  DMSLAnalytics: 429dd7c859a365bffbb739490006685aa234dce6
  FBSDKCoreKit: 9d27fe97a2fa2abe5eeefea8240e837623ab88e0
  Firebase: c23a36d9e4cdf7877dfcba8dd0c58add66358999
  FirebaseAnalytics: 3bb096873ee0d7fa4b6c70f5e9166b6da413cc7f
  FirebaseCore: d3a978a3cfa3240bf7e4ba7d137fdf5b22b628ec
  FirebaseCoreDiagnostics: 770ac5958e1372ce67959ae4b4f31d8e127c3ac1
  FirebaseInstallations: 466c7b4d1f58fe16707693091da253726a731ed2
  GoogleAppMeasurement: a6a3a066369828db64eda428cb2856dc1cdc7c4e
  GoogleDataTransport: f56af7caa4ed338dc8e138a5d7c5973e66440833
  GoogleUtilities: 7f2f5a07f888cdb145101d6042bc4422f57e70b3
  nanopb: 59317e09cf1f1a0af72f12af412d54edf52603fc
  PromisesObjC: 8c196f5a328c2cba3e74624585467a557dcb482f
  RxCocoa: 32065309a38d29b5b0db858819b5bf9ef038b601
  RxRelay: d77f7d771495f43c556cbc43eebd1bb54d01e8e9
  RxSwift: 81470a2074fa8780320ea5fe4102807cb7118178
  RxViewController: 7330a46e5c31cd680db169da4c9fc8676e975a81
  Tagged: 8d3ac5d5c6dfbc35ec95c1ad45a0f7c79d0fdd27

PODFILE CHECKSUM: 4cc9ab232abdefcc11429cc1c0b36ec3bd9d35cb

COCOAPODS: 1.10.1
